
Microsoft Visual Studio Solution File, Format Version 12.00
# Visual Studio Version 16
VisualStudioVersion = 16.0.31729.503
MinimumVisualStudioVersion = 10.0.40219.1
Project("{FAE04EC0-301F-11D3-BF4B-00C04F79EFBC}") = "TIMP", "TIMP\TIMP.csproj", "{BCDE2305-FCD3-4084-A8A7-CE5278162C51}"
EndProject
Global
	GlobalSection(SolutionConfigurationPlatforms) = preSolution
		Debug|Any CPU = Debug|Any CPU
		Release|Any CPU = Release|Any CPU
	EndGlobalSection
	GlobalSection(ProjectConfigurationPlatforms) = postSolution
		{BCDE2305-FCD3-4084-A8A7-CE5278162C51}.Debug|Any CPU.ActiveCfg = Debug|Any CPU
		{BCDE2305-FCD3-4084-A8A7-CE5278162C51}.Debug|Any CPU.Build.0 = Debug|Any CPU
		{BCDE2305-FCD3-4084-A8A7-CE5278162C51}.Release|Any CPU.ActiveCfg = Release|Any CPU
		{BCDE2305-FCD3-4084-A8A7-CE5278162C51}.Release|Any CPU.Build.0 = Release|Any CPU
	EndGlobalSection
	GlobalSection(SolutionProperties) = preSolution
		HideSolutionNode = FALSE
	EndGlobalSection
	GlobalSection(ExtensibilityGlobals) = postSolution
		SolutionGuid = {C381C996-E051-47D9-88F0-701DFB318948}
	EndGlobalSection
EndGlobal
